lockfileVersion: '9.0'

settings:
  autoInstallPeers: true
  excludeLinksFromLockfile: false

importers:

  .:
    dependencies:
      fast-uri:
        specifier: 3.1.6
        version: 3.1.6

packages:

  fast-uri@3.1.6:
    resolution: {integrity: sha512-7Ical1vFEMr0onbVzEDIreM22I4khW+fzyQPwvAFWBp1iwdshSZRsL4jjRvPG9JP1uiqMHRto+YU6R2/CzDz5Q==}

snapshots:

  fast-uri@3.1.6: {}
